
Microsoft Visual Studio Solution File, Format Version 12.00
# Visual Studio Version 17
VisualStudioVersion = 17.4.33213.308
MinimumVisualStudioVersion = 10.0.40219.1
Project("{FAE04EC0-301F-11D3-BF4B-00C04F79EFBC}") = "Presentacion", "Presentacion\Presentacion.csproj", "{E5D556B3-D76C-4757-883E-65588CEEEFFC}"
EndProject
Project("{FAE04EC0-301F-11D3-BF4B-00C04F79EFBC}") = "Dominio", "Dominio\Dominio.csproj", "{C372F270-2166-47C9-8750-78BE2A017929}"
EndProject
Project("{FAE04EC0-301F-11D3-BF4B-00C04F79EFBC}") = "NegocioDatos", "Negocio Datos\NegocioDatos.csproj", "{E3DB2342-77C9-4E43-AF17-8C81868606E6}"
EndProject
Global
	GlobalSection(SolutionConfigurationPlatforms) = preSolution
		Debug|Any CPU = Debug|Any CPU
		Release|Any CPU = Release|Any CPU
	EndGlobalSection
	GlobalSection(ProjectConfigurationPlatforms) = postSolution
		{E5D556B3-D76C-4757-883E-65588CEEEFFC}.Debug|Any CPU.ActiveCfg = Debug|Any CPU
		{E5D556B3-D76C-4757-883E-65588CEEEFFC}.Debug|Any CPU.Build.0 = Debug|Any CPU
		{E5D556B3-D76C-4757-883E-65588CEEEFFC}.Release|Any CPU.ActiveCfg = Release|Any CPU
		{E5D556B3-D76C-4757-883E-65588CEEEFFC}.Release|Any CPU.Build.0 = Release|Any CPU
		{C372F270-2166-47C9-8750-78BE2A017929}.Debug|Any CPU.ActiveCfg = Debug|Any CPU
		{C372F270-2166-47C9-8750-78BE2A017929}.Debug|Any CPU.Build.0 = Debug|Any CPU
		{C372F270-2166-47C9-8750-78BE2A017929}.Release|Any CPU.ActiveCfg = Release|Any CPU
		{C372F270-2166-47C9-8750-78BE2A017929}.Release|Any CPU.Build.0 = Release|Any CPU
		{E3DB2342-77C9-4E43-AF17-8C81868606E6}.Debug|Any CPU.ActiveCfg = Debug|Any CPU
		{E3DB2342-77C9-4E43-AF17-8C81868606E6}.Debug|Any CPU.Build.0 = Debug|Any CPU
		{E3DB2342-77C9-4E43-AF17-8C81868606E6}.Release|Any CPU.ActiveCfg = Release|Any CPU
		{E3DB2342-77C9-4E43-AF17-8C81868606E6}.Release|Any CPU.Build.0 = Release|Any CPU
	EndGlobalSection
	GlobalSection(SolutionProperties) = preSolution
		HideSolutionNode = FALSE
	EndGlobalSection
	GlobalSection(ExtensibilityGlobals) = postSolution
		SolutionGuid = {699E6664-8993-4AA4-A6F5-18C096D2A0CE}
	EndGlobalSection
EndGlobal
